// !$*UTF8*$!
{
	archiveVersion = 1;
	classes = {
	};
	objectVersion = 46;
	objects = {

/* Begin PBXBuildFile section */
		A805F62F1B552A8000ACE37C /* TMSearchController.m in Sources */ = {isa = PBXBuildFile; fileRef = A805F62E1B552A8000ACE37C /* TMSearchController.m */; };
		A805F6321B552C4800ACE37C /* TMWifiCell.m in Sources */ = {isa = PBXBuildFile; fileRef = A805F6311B552C4800ACE37C /* TMWifiCell.m */; };
		A805F63D1B55F31800ACE37C /* IPDetector.m in Sources */ = {isa = PBXBuildFile; fileRef = A805F6371B55F31800ACE37C /* IPDetector.m */; };
		A805F63E1B55F31800ACE37C /* ScanLAN.m in Sources */ = {isa = PBXBuildFile; fileRef = A805F6391B55F31800ACE37C /* ScanLAN.m */; };
		A805F63F1B55F31800ACE37C /* Utils.m in Sources */ = {isa = PBXBuildFile; fileRef = A805F63B1B55F31800ACE37C /* Utils.m */; };
		A805F6441B55F6D000ACE37C /* SimplePing.m in Sources */ = {isa = PBXBuildFile; fileRef = A805F6411B55F6D000ACE37C /* SimplePing.m */; settings = {COMPILER_FLAGS = "-fno-objc-arc"; }; };
		A805F6451B55F6D000ACE37C /* SimplePingHelper.m in Sources */ = {isa = PBXBuildFile; fileRef = A805F6431B55F6D000ACE37C /* SimplePingHelper.m */; settings = {COMPILER_FLAGS = "-fno-objc-arc"; }; };
		A8BF507E1B53FBC40070678E /* main.m in Sources */ = {isa = PBXBuildFile; fileRef = A8BF507D1B53FBC40070678E /* main.m */; };
		A8BF50811B53FBC40070678E /* AppDelegate.m in Sources */ = {isa = PBXBuildFile; fileRef = A8BF50801B53FBC40070678E /* AppDelegate.m */; };
		A8BF50891B53FBC40070678E /* Images.xcassets in Resources */ = {isa = PBXBuildFile; fileRef = A8BF50881B53FBC40070678E /* Images.xcassets */; };
		A8BF50981B53FBC50070678E /* gelaisiTests.m in Sources */ = {isa = PBXBuildFile; fileRef = A8BF50971B53FBC50070678E /* gelaisiTests.m */; };
		A8BF511D1B5401E10070678E /* FVCustomAlertView.m in Sources */ = {isa = PBXBuildFile; fileRef = A8BF50A51B5401E10070678E /* FVCustomAlertView.m */; };
		A8BF511E1B5401E10070678E /* IMGActivityIndicator.m in Sources */ = {isa = PBXBuildFile; fileRef = A8BF50A71B5401E10070678E /* IMGActivityIndicator.m */; };
		A8BF511F1B5401E10070678E /* UNAlertView.m in Sources */ = {isa = PBXBuildFile; fileRef = A8BF50A91B5401E10070678E /* UNAlertView.m */; };
		A8BF51241B5401E10070678E /* LICENSE in Resources */ = {isa = PBXBuildFile; fileRef = A8BF50B41B5401E10070678E /* LICENSE */; };
		A8BF51251B5401E10070678E /* ALView+PureLayout.m in Sources */ = {isa = PBXBuildFile; fileRef = A8BF50B81B5401E10070678E /* ALView+PureLayout.m */; };
		A8BF51261B5401E10070678E /* NSArray+PureLayout.m in Sources */ = {isa = PBXBuildFile; fileRef = A8BF50BA1B5401E10070678E /* NSArray+PureLayout.m */; };
		A8BF51271B5401E10070678E /* NSLayoutConstraint+PureLayout.m in Sources */ = {isa = PBXBuildFile; fileRef = A8BF50BC1B5401E10070678E /* NSLayoutConstraint+PureLayout.m */; };
		A8BF51281B5401E10070678E /* README.md in Sources */ = {isa = PBXBuildFile; fileRef = A8BF50C01B5401E10070678E /* README.md */; };
		A8BF51541B5404050070678E /* UtilToolkit.m in Sources */ = {isa = PBXBuildFile; fileRef = A8BF51511B5404050070678E /* UtilToolkit.m */; };
		A8BF515C1B5406AC0070678E /* libsqlite3.dylib in Frameworks */ = {isa = PBXBuildFile; fileRef = A8BF515B1B5406AC0070678E /* libsqlite3.dylib */; };
		A8BF515E1B5406E30070678E /* libz.dylib in Frameworks */ = {isa = PBXBuildFile; fileRef = A8BF515D1B5406E30070678E /* libz.dylib */; };
		A8BF51601B5406FA0070678E /* libstdc++.dylib in Frameworks */ = {isa = PBXBuildFile; fileRef = A8BF515F1B5406FA0070678E /* libstdc++.dylib */; };
		A8BF51621B5407050070678E /* SystemConfiguration.framework in Frameworks */ = {isa = PBXBuildFile; fileRef = A8BF51611B5407050070678E /* SystemConfiguration.framework */; };
		A8BF51641B54070C0070678E /* Security.framework in Frameworks */ = {isa = PBXBuildFile; fileRef = A8BF51631B54070C0070678E /* Security.framework */; };
		A8BF51661B5407140070678E /* CFNetwork.framework in Frameworks */ = {isa = PBXBuildFile; fileRef = A8BF51651B5407140070678E /* CFNetwork.framework */; };
/* End PBXBuildFile section */

/* Begin PBXContainerItemProxy section */
		A8BF50921B53FBC50070678E /* PBXContainerItemProxy */ = {
			isa = PBXContainerItemProxy;
			containerPortal = A8BF50701B53FBC40070678E /* Project object */;
			proxyType = 1;
			remoteGlobalIDString = A8BF50771B53FBC40070678E;
			remoteInfo = gelaisi;
		};
/* End PBXContainerItemProxy section */

/* Begin PBXFileReference section */
		A805023B1B56C86A00ACE37C /* Foundation.framework */ = {isa = PBXFileReference; lastKnownFileType = wrapper.framework; name = Foundation.framework; path = System/Library/Frameworks/Foundation.framework; sourceTree = SDKROOT; };
		A805F62D1B552A8000ACE37C /* TMSearchController.h */ = {isa = PBXFileReference; fileEncoding = 4; lastKnownFileType = sourcecode.c.h; path = TMSearchController.h; sourceTree = "<group>"; };
		A805F62E1B552A8000ACE37C /* TMSearchController.m */ = {isa = PBXFileReference; fileEncoding = 4; lastKnownFileType = sourcecode.c.objc; path = TMSearchController.m; sourceTree = "<group>"; };
		A805F6301B552C4800ACE37C /* TMWifiCell.h */ = {isa = PBXFileReference; fileEncoding = 4; lastKnownFileType = sourcecode.c.h; path = TMWifiCell.h; sourceTree = "<group>"; };
		A805F6311B552C4800ACE37C /* TMWifiCell.m */ = {isa = PBXFileReference; fileEncoding = 4; lastKnownFileType = sourcecode.c.objc; path = TMWifiCell.m; sourceTree = "<group>"; };
		A805F6361B55F31800ACE37C /* IPDetector.h */ = {isa = PBXFileReference; fileEncoding = 4; lastKnownFileType = sourcecode.c.h; path = IPDetector.h; sourceTree = "<group>"; };
		A805F6371B55F31800ACE37C /* IPDetector.m */ = {isa = PBXFileReference; fileEncoding = 4; lastKnownFileType = sourcecode.c.objc; path = IPDetector.m; sourceTree = "<group>"; };
		A805F6381B55F31800ACE37C /* ScanLAN.h */ = {isa = PBXFileReference; fileEncoding = 4; lastKnownFileType = sourcecode.c.h; path = ScanLAN.h; sourceTree = "<group>"; };
		A805F6391B55F31800ACE37C /* ScanLAN.m */ = {isa = PBXFileReference; fileEncoding = 4; lastKnownFileType = sourcecode.c.objc; path = ScanLAN.m; sourceTree = "<group>"; };
		A805F63A1B55F31800ACE37C /* Utils.h */ = {isa = PBXFileReference; fileEncoding = 4; lastKnownFileType = sourcecode.c.h; path = Utils.h; sourceTree = "<group>"; };
		A805F63B1B55F31800ACE37C /* Utils.m */ = {isa = PBXFileReference; fileEncoding = 4; lastKnownFileType = sourcecode.c.objc; path = Utils.m; sourceTree = "<group>"; };
		A805F6401B55F6D000ACE37C /* SimplePing.h */ = {isa = PBXFileReference; fileEncoding = 4; lastKnownFileType = sourcecode.c.h; path = SimplePing.h; sourceTree = "<group>"; };
		A805F6411B55F6D000ACE37C /* SimplePing.m */ = {isa = PBXFileReference; fileEncoding = 4; lastKnownFileType = sourcecode.c.objc; path = SimplePing.m; sourceTree = "<group>"; };
		A805F6421B55F6D000ACE37C /* SimplePingHelper.h */ = {isa = PBXFileReference; fileEncoding = 4; lastKnownFileType = sourcecode.c.h; path = SimplePingHelper.h; sourceTree = "<group>"; };
		A805F6431B55F6D000ACE37C /* SimplePingHelper.m */ = {isa = PBXFileReference; fileEncoding = 4; lastKnownFileType = sourcecode.c.objc; path = SimplePingHelper.m; sourceTree = "<group>"; };
		A805F6461B55F77400ACE37C /* if_arp.h */ = {isa = PBXFileReference; lastKnownFileType = sourcecode.c.h; path = if_arp.h; sourceTree = "<group>"; };
		A805F6471B55F77400ACE37C /* if_ether.h */ = {isa = PBXFileReference; lastKnownFileType = sourcecode.c.h; path = if_ether.h; sourceTree = "<group>"; };
		A805F6481B55F77400ACE37C /* if_types.h */ = {isa = PBXFileReference; lastKnownFileType = sourcecode.c.h; path = if_types.h; sourceTree = "<group>"; };
		A805F6491B55F77400ACE37C /* route.h */ = {isa = PBXFileReference; lastKnownFileType = sourcecode.c.h; path = route.h; sourceTree = "<group>"; };
		A8BF50781B53FBC40070678E /* gelaisi.app */ = {isa = PBXFileReference; explicitFileType = wrapper.application; includeInIndex = 0; path = gelaisi.app; sourceTree = BUILT_PRODUCTS_DIR; };
		A8BF507C1B53FBC40070678E /* Info.plist */ = {isa = PBXFileReference; lastKnownFileType = text.plist.xml; path = Info.plist; sourceTree = "<group>"; };
		A8BF507D1B53FBC40070678E /* main.m */ = {isa = PBXFileReference; lastKnownFileType = sourcecode.c.objc; path = main.m; sourceTree = "<group>"; };
		A8BF507F1B53FBC40070678E /* AppDelegate.h */ = {isa = PBXFileReference; lastKnownFileType = sourcecode.c.h; path = AppDelegate.h; sourceTree = "<group>"; };
		A8BF50801B53FBC40070678E /* AppDelegate.m */ = {isa = PBXFileReference; lastKnownFileType = sourcecode.c.objc; path = AppDelegate.m; sourceTree = "<group>"; };
		A8BF50881B53FBC40070678E /* Images.xcassets */ = {isa = PBXFileReference; lastKnownFileType = folder.assetcatalog; path = Images.xcassets; sourceTree = "<group>"; };
		A8BF50911B53FBC50070678E /* gelaisiTests.xctest */ = {isa = PBXFileReference; explicitFileType = wrapper.cfbundle; includeInIndex = 0; path = gelaisiTests.xctest; sourceTree = BUILT_PRODUCTS_DIR; };
		A8BF50961B53FBC50070678E /* Info.plist */ = {isa = PBXFileReference; lastKnownFileType = text.plist.xml; path = Info.plist; sourceTree = "<group>"; };
		A8BF50971B53FBC50070678E /* gelaisiTests.m */ = {isa = PBXFileReference; lastKnownFileType = sourcecode.c.objc; path = gelaisiTests.m; sourceTree = "<group>"; };
		A8BF50A31B5401E10070678E /* FVCustomAlertView-Prefix.pch */ = {isa = PBXFileReference; fileEncoding = 4; lastKnownFileType = sourcecode.c.h; path = "FVCustomAlertView-Prefix.pch"; sourceTree = "<group>"; };
		A8BF50A41B5401E10070678E /* FVCustomAlertView.h */ = {isa = PBXFileReference; fileEncoding = 4; lastKnownFileType = sourcecode.c.h; path = FVCustomAlertView.h; sourceTree = "<group>"; };
		A8BF50A51B5401E10070678E /* FVCustomAlertView.m */ = {isa = PBXFileReference; fileEncoding = 4; lastKnownFileType = sourcecode.c.objc; path = FVCustomAlertView.m; sourceTree = "<group>"; };
		A8BF50A61B5401E10070678E /* IMGActivityIndicator.h */ = {isa = PBXFileReference; fileEncoding = 4; lastKnownFileType = sourcecode.c.h; path = IMGActivityIndicator.h; sourceTree = "<group>"; };
		A8BF50A71B5401E10070678E /* IMGActivityIndicator.m */ = {isa = PBXFileReference; fileEncoding = 4; lastKnownFileType = sourcecode.c.objc; path = IMGActivityIndicator.m; sourceTree = "<group>"; };
		A8BF50A81B5401E10070678E /* UNAlertView.h */ = {isa = PBXFileReference; fileEncoding = 4; lastKnownFileType = sourcecode.c.h; path = UNAlertView.h; sourceTree = "<group>"; };
		A8BF50A91B5401E10070678E /* UNAlertView.m */ = {isa = PBXFileReference; fileEncoding = 4; lastKnownFileType = sourcecode.c.objc; path = UNAlertView.m; sourceTree = "<group>"; };
		A8BF50B41B5401E10070678E /* LICENSE */ = {isa = PBXFileReference; fileEncoding = 4; lastKnownFileType = text; path = LICENSE; sourceTree = "<group>"; };
		A8BF50B71B5401E10070678E /* ALView+PureLayout.h */ = {isa = PBXFileReference; fileEncoding = 4; lastKnownFileType = sourcecode.c.h; path = "ALView+PureLayout.h"; sourceTree = "<group>"; };
		A8BF50B81B5401E10070678E /* ALView+PureLayout.m */ = {isa = PBXFileReference; fileEncoding = 4; lastKnownFileType = sourcecode.c.objc; path = "ALView+PureLayout.m"; sourceTree = "<group>"; };
		A8BF50B91B5401E10070678E /* NSArray+PureLayout.h */ = {isa = PBXFileReference; fileEncoding = 4; lastKnownFileType = sourcecode.c.h; path = "NSArray+PureLayout.h"; sourceTree = "<group>"; };
		A8BF50BA1B5401E10070678E /* NSArray+PureLayout.m */ = {isa = PBXFileReference; fileEncoding = 4; lastKnownFileType = sourcecode.c.objc; path = "NSArray+PureLayout.m"; sourceTree = "<group>"; };
		A8BF50BB1B5401E10070678E /* NSLayoutConstraint+PureLayout.h */ = {isa = PBXFileReference; fileEncoding = 4; lastKnownFileType = sourcecode.c.h; path = "NSLayoutConstraint+PureLayout.h"; sourceTree = "<group>"; };
		A8BF50BC1B5401E10070678E /* NSLayoutConstraint+PureLayout.m */ = {isa = PBXFileReference; fileEncoding = 4; lastKnownFileType = sourcecode.c.objc; path = "NSLayoutConstraint+PureLayout.m"; sourceTree = "<group>"; };
		A8BF50BD1B5401E10070678E /* PureLayout+Internal.h */ = {isa = PBXFileReference; fileEncoding = 4; lastKnownFileType = sourcecode.c.h; path = "PureLayout+Internal.h"; sourceTree = "<group>"; };
		A8BF50BE1B5401E10070678E /* PureLayout.h */ = {isa = PBXFileReference; fileEncoding = 4; lastKnownFileType = sourcecode.c.h; path = PureLayout.h; sourceTree = "<group>"; };
		A8BF50BF1B5401E10070678E /* PureLayoutDefines.h */ = {isa = PBXFileReference; fileEncoding = 4; lastKnownFileType = sourcecode.c.h; path = PureLayoutDefines.h; sourceTree = "<group>"; };
		A8BF50C01B5401E10070678E /* README.md */ = {isa = PBXFileReference; fileEncoding = 4; lastKnownFileType = net.daringfireball.markdown; path = README.md; sourceTree = "<group>"; };
		A8BF514F1B5404050070678E /* Macro.h */ = {isa = PBXFileReference; fileEncoding = 4; lastKnownFileType = sourcecode.c.h; name = Macro.h; path = Vender/Macro.h; sourceTree = "<group>"; };
		A8BF51501B5404050070678E /* UtilToolkit.h */ = {isa = PBXFileReference; fileEncoding = 4; lastKnownFileType = sourcecode.c.h; name = UtilToolkit.h; path = Vender/UtilToolkit.h; sourceTree = "<group>"; };
		A8BF51511B5404050070678E /* UtilToolkit.m */ = {isa = PBXFileReference; fileEncoding = 4; lastKnownFileType = sourcecode.c.objc; name = UtilToolkit.m; path = Vender/UtilToolkit.m; sourceTree = "<group>"; };
		A8BF51561B54050F0070678E /* PrefixHeader.pch */ = {isa = PBXFileReference; lastKnownFileType = sourcecode.c.h; path = PrefixHeader.pch; sourceTree = "<group>"; };
		A8BF515B1B5406AC0070678E /* libsqlite3.dylib */ = {isa = PBXFileReference; lastKnownFileType = "compiled.mach-o.dylib"; name = libsqlite3.dylib; path = usr/lib/libsqlite3.dylib; sourceTree = SDKROOT; };
		A8BF515D1B5406E30070678E /* libz.dylib */ = {isa = PBXFileReference; lastKnownFileType = "compiled.mach-o.dylib"; name = libz.dylib; path = usr/lib/libz.dylib; sourceTree = SDKROOT; };
		A8BF515F1B5406FA0070678E /* libstdc++.dylib */ = {isa = PBXFileReference; lastKnownFileType = "compiled.mach-o.dylib"; name = "libstdc++.dylib"; path = "usr/lib/libstdc++.dylib"; sourceTree = SDKROOT; };
		A8BF51611B5407050070678E /* SystemConfiguration.framework */ = {isa = PBXFileReference; lastKnownFileType = wrapper.framework; name = SystemConfiguration.framework; path = System/Library/Frameworks/SystemConfiguration.framework; sourceTree = SDKROOT; };
		A8BF51631B54070C0070678E /* Security.framework */ = {isa = PBXFileReference; lastKnownFileType = wrapper.framework; name = Security.framework; path = System/Library/Frameworks/Security.framework; sourceTree = SDKROOT; };
		A8BF51651B5407140070678E /* CFNetwork.framework */ = {isa = PBXFileReference; lastKnownFileType = wrapper.framework; name = CFNetwork.framework; path = System/Library/Frameworks/CFNetwork.framework; sourceTree = SDKROOT; };
/* End PBXFileReference section */

/* Begin PBXFrameworksBuildPhase section */
		A8BF50751B53FBC40070678E /* Frameworks */ = {
			isa = PBXFrameworksBuildPhase;
			buildActionMask = 2147483647;
			files = (
				A8BF51661B5407140070678E /* CFNetwork.framework in Frameworks */,
				A8BF51641B54070C0070678E /* Security.framework in Frameworks */,
				A8BF51621B5407050070678E /* SystemConfiguration.framework in Frameworks */,
				A8BF51601B5406FA0070678E /* libstdc++.dylib in Frameworks */,
				A8BF515E1B5406E30070678E /* libz.dylib in Frameworks */,
				A8BF515C1B5406AC0070678E /* libsqlite3.dylib in Frameworks */,
			);
			runOnlyForDeploymentPostprocessing = 0;
		};
		A8BF508E1B53FBC50070678E /* Frameworks */ = {
			isa = PBXFrameworksBuildPhase;
			buildActionMask = 2147483647;
			files = (
			);
			runOnlyForDeploymentPostprocessing = 0;
		};
/* End PBXFrameworksBuildPhase section */

/* Begin PBXGroup section */
		A805F6261B55126300ACE37C /* View */ = {
			isa = PBXGroup;
			children = (
				A805F6301B552C4800ACE37C /* TMWifiCell.h */,
				A805F6311B552C4800ACE37C /* TMWifiCell.m */,
			);
			name = View;
			sourceTree = "<group>";
		};
		A805F6331B55F2FC00ACE37C /* wifiScan */ = {
			isa = PBXGroup;
			children = (
				A805F6401B55F6D000ACE37C /* SimplePing.h */,
				A805F6411B55F6D000ACE37C /* SimplePing.m */,
				A805F6461B55F77400ACE37C /* if_arp.h */,
				A805F6471B55F77400ACE37C /* if_ether.h */,
				A805F6481B55F77400ACE37C /* if_types.h */,
				A805F6491B55F77400ACE37C /* route.h */,
				A805F6421B55F6D000ACE37C /* SimplePingHelper.h */,
				A805F6431B55F6D000ACE37C /* SimplePingHelper.m */,
				A805F6361B55F31800ACE37C /* IPDetector.h */,
				A805F6371B55F31800ACE37C /* IPDetector.m */,
				A805F6381B55F31800ACE37C /* ScanLAN.h */,
				A805F6391B55F31800ACE37C /* ScanLAN.m */,
				A805F63A1B55F31800ACE37C /* Utils.h */,
				A805F63B1B55F31800ACE37C /* Utils.m */,
			);
			name = wifiScan;
			sourceTree = "<group>";
		};
		A8BF506F1B53FBC40070678E = {
			isa = PBXGroup;
			children = (
				A8BF51671B54B05E0070678E /* Frameworks */,
				A8BF507A1B53FBC40070678E /* gelaisi */,
				A8BF50941B53FBC50070678E /* gelaisiTests */,
				A8BF50791B53FBC40070678E /* Products */,
			);
			sourceTree = "<group>";
		};
		A8BF50791B53FBC40070678E /* Products */ = {
			isa = PBXGroup;
			children = (
				A8BF50781B53FBC40070678E /* gelaisi.app */,
				A8BF50911B53FBC50070678E /* gelaisiTests.xctest */,
			);
			name = Products;
			sourceTree = "<group>";
		};
		A8BF507A1B53FBC40070678E /* gelaisi */ = {
			isa = PBXGroup;
			children = (
				A8BF507F1B53FBC40070678E /* AppDelegate.h */,
				A8BF50801B53FBC40070678E /* AppDelegate.m */,
				A8BF51681B54B1530070678E /* Controller */,
				A8BF514E1B54035C0070678E /* Vender */,
				A8BF50A11B5401C90070678E /* Thirdlib */,
				A8BF50881B53FBC40070678E /* Images.xcassets */,
				A8BF507B1B53FBC40070678E /* Supporting Files */,
			);
			path = gelaisi;
			sourceTree = "<group>";
		};
		A8BF507B1B53FBC40070678E /* Supporting Files */ = {
			isa = PBXGroup;
			children = (
				A8BF51561B54050F0070678E /* PrefixHeader.pch */,
				A8BF507C1B53FBC40070678E /* Info.plist */,
				A8BF507D1B53FBC40070678E /* main.m */,
			);
			name = "Supporting Files";
			sourceTree = "<group>";
		};
		A8BF50941B53FBC50070678E /* gelaisiTests */ = {
			isa = PBXGroup;
			children = (
				A8BF50971B53FBC50070678E /* gelaisiTests.m */,
				A8BF50951B53FBC50070678E /* Supporting Files */,
			);
			path = gelaisiTests;
			sourceTree = "<group>";
		};
		A8BF50951B53FBC50070678E /* Supporting Files */ = {
			isa = PBXGroup;
			children = (
				A8BF50961B53FBC50070678E /* Info.plist */,
			);
			name = "Supporting Files";
			sourceTree = "<group>";
		};
		A8BF50A11B5401C90070678E /* Thirdlib */ = {
			isa = PBXGroup;
			children = (
				A8BF50A21B5401E10070678E /* FVCustomAlertView */,
				A8BF50B31B5401E10070678E /* PureLayout */,
			);
			name = Thirdlib;
			sourceTree = "<group>";
		};
		A8BF50A21B5401E10070678E /* FVCustomAlertView */ = {
			isa = PBXGroup;
			children = (
				A8BF50A31B5401E10070678E /* FVCustomAlertView-Prefix.pch */,
				A8BF50A41B5401E10070678E /* FVCustomAlertView.h */,
				A8BF50A51B5401E10070678E /* FVCustomAlertView.m */,
				A8BF50A61B5401E10070678E /* IMGActivityIndicator.h */,
				A8BF50A71B5401E10070678E /* IMGActivityIndicator.m */,
				A8BF50A81B5401E10070678E /* UNAlertView.h */,
				A8BF50A91B5401E10070678E /* UNAlertView.m */,
			);
			path = FVCustomAlertView;
			sourceTree = "<group>";
		};
		A8BF50B31B5401E10070678E /* PureLayout */ = {
			isa = PBXGroup;
			children = (
				A8BF50B41B5401E10070678E /* LICENSE */,
				A8BF50B51B5401E10070678E /* PureLayout */,
				A8BF50C01B5401E10070678E /* README.md */,
			);
			path = PureLayout;
			sourceTree = "<group>";
		};
		A8BF50B51B5401E10070678E /* PureLayout */ = {
			isa = PBXGroup;
			children = (
				A8BF50B61B5401E10070678E /* PureLayout */,
			);
			path = PureLayout;
			sourceTree = "<group>";
		};
		A8BF50B61B5401E10070678E /* PureLayout */ = {
			isa = PBXGroup;
			children = (
				A8BF50B71B5401E10070678E /* ALView+PureLayout.h */,
				A8BF50B81B5401E10070678E /* ALView+PureLayout.m */,
				A8BF50B91B5401E10070678E /* NSArray+PureLayout.h */,
				A8BF50BA1B5401E10070678E /* NSArray+PureLayout.m */,
				A8BF50BB1B5401E10070678E /* NSLayoutConstraint+PureLayout.h */,
				A8BF50BC1B5401E10070678E /* NSLayoutConstraint+PureLayout.m */,
				A8BF50BD1B5401E10070678E /* PureLayout+Internal.h */,
				A8BF50BE1B5401E10070678E /* PureLayout.h */,
				A8BF50BF1B5401E10070678E /* PureLayoutDefines.h */,
			);
			path = PureLayout;
			sourceTree = "<group>";
		};
		A8BF514E1B54035C0070678E /* Vender */ = {
			isa = PBXGroup;
			children = (
				A805F6331B55F2FC00ACE37C /* wifiScan */,
				A8BF514F1B5404050070678E /* Macro.h */,
				A8BF51501B5404050070678E /* UtilToolkit.h */,
				A8BF51511B5404050070678E /* UtilToolkit.m */,
			);
			name = Vender;
			sourceTree = "<group>";
		};
		A8BF51671B54B05E0070678E /* Frameworks */ = {
			isa = PBXGroup;
			children = (
				A805023B1B56C86A00ACE37C /* Foundation.framework */,
				A8BF51651B5407140070678E /* CFNetwork.framework */,
				A8BF51631B54070C0070678E /* Security.framework */,
				A8BF51611B5407050070678E /* SystemConfiguration.framework */,
				A8BF515F1B5406FA0070678E /* libstdc++.dylib */,
				A8BF515D1B5406E30070678E /* libz.dylib */,
				A8BF515B1B5406AC0070678E /* libsqlite3.dylib */,
			);
			name = Frameworks;
			sourceTree = "<group>";
		};
		A8BF51681B54B1530070678E /* Controller */ = {
			isa = PBXGroup;
			children = (
				A8BF517F1B54B8BF0070678E /* Home */,
			);
			name = Controller;
			sourceTree = "<group>";
		};
		A8BF517F1B54B8BF0070678E /* Home */ = {
			isa = PBXGroup;
			children = (
				A805F62D1B552A8000ACE37C /* TMSearchController.h */,
				A805F62E1B552A8000ACE37C /* TMSearchController.m */,
				A805F6261B55126300ACE37C /* View */,
			);
			name = Home;
			sourceTree = "<group>";
		};
/* End PBXGroup section */

/* Begin PBXNativeTarget section */
		A8BF50771B53FBC40070678E /* gelaisi */ = {
			isa = PBXNativeTarget;
			buildConfigurationList = A8BF509B1B53FBC50070678E /* Build configuration list for PBXNativeTarget "gelaisi" */;
			buildPhases = (
				A8BF50741B53FBC40070678E /* Sources */,
				A8BF50751B53FBC40070678E /* Frameworks */,
				A8BF50761B53FBC40070678E /* Resources */,
			);
			buildRules = (
			);
			dependencies = (
			);
			name = gelaisi;
			productName = gelaisi;
			productReference = A8BF50781B53FBC40070678E /* gelaisi.app */;
			productType = "com.apple.product-type.application";
		};
		A8BF50901B53FBC50070678E /* gelaisiTests */ = {
			isa = PBXNativeTarget;
			buildConfigurationList = A8BF509E1B53FBC50070678E /* Build configuration list for PBXNativeTarget "gelaisiTests" */;
			buildPhases = (
				A8BF508D1B53FBC50070678E /* Sources */,
				A8BF508E1B53FBC50070678E /* Frameworks */,
				A8BF508F1B53FBC50070678E /* Resources */,
			);
			buildRules = (
			);
			dependencies = (
				A8BF50931B53FBC50070678E /* PBXTargetDependency */,
			);
			name = gelaisiTests;
			productName = gelaisiTests;
			productReference = A8BF50911B53FBC50070678E /* gelaisiTests.xctest */;
			productType = "com.apple.product-type.bundle.unit-test";
		};
/* End PBXNativeTarget section */

/* Begin PBXProject section */
		A8BF50701B53FBC40070678E /* Project object */ = {
			isa = PBXProject;
			attributes = {
				LastUpgradeCheck = 0640;
				ORGANIZATIONNAME = lxlong;
				TargetAttributes = {
					A8BF50771B53FBC40070678E = {
						CreatedOnToolsVersion = 6.4;
						DevelopmentTeam = TPKNKRSKF3;
					};
					A8BF50901B53FBC50070678E = {
						CreatedOnToolsVersion = 6.4;
						DevelopmentTeam = H4N48TJ2GC;
						TestTargetID = A8BF50771B53FBC40070678E;
					};
				};
			};
			buildConfigurationList = A8BF50731B53FBC40070678E /* Build configuration list for PBXProject "gelaisi" */;
			compatibilityVersion = "Xcode 3.2";
			developmentRegion = English;
			hasScannedForEncodings = 0;
			knownRegions = (
				en,
				Base,
				"zh-Hans",
			);
			mainGroup = A8BF506F1B53FBC40070678E;
			productRefGroup = A8BF50791B53FBC40070678E /* Products */;
			projectDirPath = "";
			projectRoot = "";
			targets = (
				A8BF50771B53FBC40070678E /* gelaisi */,
				A8BF50901B53FBC50070678E /* gelaisiTests */,
			);
		};
/* End PBXProject section */

/* Begin PBXResourcesBuildPhase section */
		A8BF50761B53FBC40070678E /* Resources */ = {
			isa = PBXResourcesBuildPhase;
			buildActionMask = 2147483647;
			files = (
				A8BF50891B53FBC40070678E /* Images.xcassets in Resources */,
				A8BF51241B5401E10070678E /* LICENSE in Resources */,
			);
			runOnlyForDeploymentPostprocessing = 0;
		};
		A8BF508F1B53FBC50070678E /* Resources */ = {
			isa = PBXResourcesBuildPhase;
			buildActionMask = 2147483647;
			files = (
			);
			runOnlyForDeploymentPostprocessing = 0;
		};
/* End PBXResourcesBuildPhase section */

/* Begin PBXSourcesBuildPhase section */
		A8BF50741B53FBC40070678E /* Sources */ = {
			isa = PBXSourcesBuildPhase;
			buildActionMask = 2147483647;
			files = (
				A805F63F1B55F31800ACE37C /* Utils.m in Sources */,
				A8BF511D1B5401E10070678E /* FVCustomAlertView.m in Sources */,
				A805F63E1B55F31800ACE37C /* ScanLAN.m in Sources */,
				A8BF511F1B5401E10070678E /* UNAlertView.m in Sources */,
				A805F6451B55F6D000ACE37C /* SimplePingHelper.m in Sources */,
				A805F6441B55F6D000ACE37C /* SimplePing.m in Sources */,
				A8BF51271B5401E10070678E /* NSLayoutConstraint+PureLayout.m in Sources */,
				A805F62F1B552A8000ACE37C /* TMSearchController.m in Sources */,
				A8BF51261B5401E10070678E /* NSArray+PureLayout.m in Sources */,
				A8BF51541B5404050070678E /* UtilToolkit.m in Sources */,
				A805F63D1B55F31800ACE37C /* IPDetector.m in Sources */,
				A805F6321B552C4800ACE37C /* TMWifiCell.m in Sources */,
				A8BF51281B5401E10070678E /* README.md in Sources */,
				A8BF51251B5401E10070678E /* ALView+PureLayout.m in Sources */,
				A8BF50811B53FBC40070678E /* AppDelegate.m in Sources */,
				A8BF511E1B5401E10070678E /* IMGActivityIndicator.m in Sources */,
				A8BF507E1B53FBC40070678E /* main.m in Sources */,
			);
			runOnlyForDeploymentPostprocessing = 0;
		};
		A8BF508D1B53FBC50070678E /* Sources */ = {
			isa = PBXSourcesBuildPhase;
			buildActionMask = 2147483647;
			files = (
				A8BF50981B53FBC50070678E /* gelaisiTests.m in Sources */,
			);
			runOnlyForDeploymentPostprocessing = 0;
		};
/* End PBXSourcesBuildPhase section */

/* Begin PBXTargetDependency section */
		A8BF50931B53FBC50070678E /* PBXTargetDependency */ = {
			isa = PBXTargetDependency;
			target = A8BF50771B53FBC40070678E /* gelaisi */;
			targetProxy = A8BF50921B53FBC50070678E /* PBXContainerItemProxy */;
		};
/* End PBXTargetDependency section */

/* Begin XCBuildConfiguration section */
		A8BF50991B53FBC50070678E /* Debug */ = {
			isa = XCBuildConfiguration;
			buildSettings = {
				ALWAYS_SEARCH_USER_PATHS = NO;
				CLANG_CXX_LANGUAGE_STANDARD = "gnu++0x";
				CLANG_CXX_LIBRARY = "libc++";
				CLANG_ENABLE_MODULES = YES;
				CLANG_ENABLE_OBJC_ARC = YES;
				CLANG_WARN_BOOL_CONVERSION = YES;
				CLANG_WARN_CONSTANT_CONVERSION = YES;
				CLANG_WARN_DIRECT_OBJC_ISA_USAGE = YES_ERROR;
				CLANG_WARN_EMPTY_BODY = YES;
				CLANG_WARN_ENUM_CONVERSION = YES;
				CLANG_WARN_INT_CONVERSION = YES;
				CLANG_WARN_OBJC_ROOT_CLASS = YES_ERROR;
				CLANG_WARN_UNREACHABLE_CODE = YES;
				CLANG_WARN__DUPLICATE_METHOD_MATCH = YES;
				"CODE_SIGN_IDENTITY[sdk=iphoneos*]" = "iPhone Developer";
				COPY_PHASE_STRIP = NO;
				DEBUG_INFORMATION_FORMAT = "dwarf-with-dsym";
				ENABLE_STRICT_OBJC_MSGSEND = YES;
				GCC_C_LANGUAGE_STANDARD = gnu99;
				GCC_DYNAMIC_NO_PIC = NO;
				GCC_NO_COMMON_BLOCKS = YES;
				GCC_OPTIMIZATION_LEVEL = 0;
				GCC_PREPROCESSOR_DEFINITIONS = (
					"DEBUG=1",
					"$(inherited)",
				);
				GCC_SYMBOLS_PRIVATE_EXTERN = NO;
				GCC_WARN_64_TO_32_BIT_CONVERSION = YES;
				GCC_WARN_ABOUT_RETURN_TYPE = YES_ERROR;
				GCC_WARN_UNDECLARED_SELECTOR = YES;
				GCC_WARN_UNINITIALIZED_AUTOS = YES_AGGRESSIVE;
				GCC_WARN_UNUSED_FUNCTION = YES;
				GCC_WARN_UNUSED_VARIABLE = YES;
				IPHONEOS_DEPLOYMENT_TARGET = 8.4;
				MTL_ENABLE_DEBUG_INFO = YES;
				ONLY_ACTIVE_ARCH = YES;
				SDKROOT = iphoneos;
				TARGETED_DEVICE_FAMILY = "1,2";
			};
			name = Debug;
		};
		A8BF509A1B53FBC50070678E /* Release */ = {
			isa = XCBuildConfiguration;
			buildSettings = {
				ALWAYS_SEARCH_USER_PATHS = NO;
				CLANG_CXX_LANGUAGE_STANDARD = "gnu++0x";
				CLANG_CXX_LIBRARY = "libc++";
				CLANG_ENABLE_MODULES = YES;
				CLANG_ENABLE_OBJC_ARC = YES;
				CLANG_WARN_BOOL_CONVERSION = YES;
				CLANG_WARN_CONSTANT_CONVERSION = YES;
				CLANG_WARN_DIRECT_OBJC_ISA_USAGE = YES_ERROR;
				CLANG_WARN_EMPTY_BODY = YES;
				CLANG_WARN_ENUM_CONVERSION = YES;
				CLANG_WARN_INT_CONVERSION = YES;
				CLANG_WARN_OBJC_ROOT_CLASS = YES_ERROR;
				CLANG_WARN_UNREACHABLE_CODE = YES;
				CLANG_WARN__DUPLICATE_METHOD_MATCH = YES;
				"CODE_SIGN_IDENTITY[sdk=iphoneos*]" = "iPhone Developer";
				COPY_PHASE_STRIP = NO;
				DEBUG_INFORMATION_FORMAT = "dwarf-with-dsym";
				ENABLE_NS_ASSERTIONS = NO;
				ENABLE_STRICT_OBJC_MSGSEND = YES;
				GCC_C_LANGUAGE_STANDARD = gnu99;
				GCC_NO_COMMON_BLOCKS = YES;
				GCC_WARN_64_TO_32_BIT_CONVERSION = YES;
				GCC_WARN_ABOUT_RETURN_TYPE = YES_ERROR;
				GCC_WARN_UNDECLARED_SELECTOR = YES;
				GCC_WARN_UNINITIALIZED_AUTOS = YES_AGGRESSIVE;
				GCC_WARN_UNUSED_FUNCTION = YES;
				GCC_WARN_UNUSED_VARIABLE = YES;
				IPHONEOS_DEPLOYMENT_TARGET = 8.4;
				MTL_ENABLE_DEBUG_INFO = NO;
				SDKROOT = iphoneos;
				TARGETED_DEVICE_FAMILY = "1,2";
				VALIDATE_PRODUCT = YES;
			};
			name = Release;
		};
		A8BF509C1B53FBC50070678E /* Debug */ = {
			isa = XCBuildConfiguration;
			buildSettings = {
				ASSETCATALOG_COMPILER_APPICON_NAME = AppIcon;
				CODE_SIGN_IDENTITY = "iPhone Developer";
				"CODE_SIGN_IDENTITY[sdk=iphoneos*]" = "iPhone Developer";
				FRAMEWORK_SEARCH_PATHS = (
					"$(inherited)",
					"$(PROJECT_DIR)/gelaisi/UMSocial_Sdk_4.2.3/TencentOpenAPI",
				);
				GCC_PRECOMPILE_PREFIX_HEADER = YES;
				GCC_PREFIX_HEADER = gelaisi/PrefixHeader.pch;
				INFOPLIST_FILE = gelaisi/Info.plist;
				IPHONEOS_DEPLOYMENT_TARGET = 7.0;
				LD_RUNPATH_SEARCH_PATHS = "$(inherited) @executable_path/Frameworks";
				LIBRARY_SEARCH_PATHS = (
					"$(inherited)",
					"$(PROJECT_DIR)/gelaisi/UMClick",
					"$(PROJECT_DIR)/gelaisi/UMSocial_Sdk_4.2.3",
					"$(PROJECT_DIR)/gelaisi/UMSocial_Sdk_4.2.3/Sina",
					"$(PROJECT_DIR)/gelaisi/UMSocial_Sdk_4.2.3/SinaSSO",
					"$(PROJECT_DIR)/gelaisi/UMSocial_Sdk_4.2.3/TencentOpenAPI",
					"$(PROJECT_DIR)/gelaisi/UMSocial_Sdk_4.2.3/Wechat",
				);
				PRODUCT_BUNDLE_IDENTIFIER = github.xiaoda.wifix;
				PRODUCT_NAME = "$(TARGET_NAME)";
				PROVISIONING_PROFILE = "";
				TARGETED_DEVICE_FAMILY = "1,2";
			};
			name = Debug;
		};
		A8BF509D1B53FBC50070678E /* Release */ = {
			isa = XCBuildConfiguration;
			buildSettings = {
				ASSETCATALOG_COMPILER_APPICON_NAME = AppIcon;
				CODE_SIGN_IDENTITY = "iPhone Developer";
				"CODE_SIGN_IDENTITY[sdk=iphoneos*]" = "iPhone Developer";
				FRAMEWORK_SEARCH_PATHS = (
					"$(inherited)",
					"$(PROJECT_DIR)/gelaisi/UMSocial_Sdk_4.2.3/TencentOpenAPI",
				);
				GCC_PRECOMPILE_PREFIX_HEADER = YES;
				GCC_PREFIX_HEADER = gelaisi/PrefixHeader.pch;
				INFOPLIST_FILE = gelaisi/Info.plist;
				IPHONEOS_DEPLOYMENT_TARGET = 7.0;
				LD_RUNPATH_SEARCH_PATHS = "$(inherited) @executable_path/Frameworks";
				LIBRARY_SEARCH_PATHS = (
					"$(inherited)",
					"$(PROJECT_DIR)/gelaisi/UMClick",
					"$(PROJECT_DIR)/gelaisi/UMSocial_Sdk_4.2.3",
					"$(PROJECT_DIR)/gelaisi/UMSocial_Sdk_4.2.3/Sina",
					"$(PROJECT_DIR)/gelaisi/UMSocial_Sdk_4.2.3/SinaSSO",
					"$(PROJECT_DIR)/gelaisi/UMSocial_Sdk_4.2.3/TencentOpenAPI",
					"$(PROJECT_DIR)/gelaisi/UMSocial_Sdk_4.2.3/Wechat",
				);
				PRODUCT_BUNDLE_IDENTIFIER = github.xiaoda.wifix;
				PRODUCT_NAME = "$(TARGET_NAME)";
				PROVISIONING_PROFILE = "";
				TARGETED_DEVICE_FAMILY = "1,2";
			};
			name = Release;
		};
		A8BF509F1B53FBC50070678E /* Debug */ = {
			isa = XCBuildConfiguration;
			buildSettings = {
				BUNDLE_LOADER = "$(TEST_HOST)";
				CODE_SIGN_IDENTITY = "iPhone Developer";
				"CODE_SIGN_IDENTITY[sdk=iphoneos*]" = "iPhone Developer";
				FRAMEWORK_SEARCH_PATHS = (
					"$(SDKROOT)/Developer/Library/Frameworks",
					"$(inherited)",
				);
				GCC_PREPROCESSOR_DEFINITIONS = (
					"DEBUG=1",
					"$(inherited)",
				);
				INFOPLIST_FILE = gelaisiTests/Info.plist;
				LD_RUNPATH_SEARCH_PATHS = "$(inherited) @executable_path/Frameworks @loader_path/Frameworks";
				PRODUCT_NAME = "$(TARGET_NAME)";
				PROVISIONING_PROFILE = "";
				TEST_HOST = "$(BUILT_PRODUCTS_DIR)/gelaisi.app/gelaisi";
			};
			name = Debug;
		};
		A8BF50A01B53FBC50070678E /* Release */ = {
			isa = XCBuildConfiguration;
			buildSettings = {
				BUNDLE_LOADER = "$(TEST_HOST)";
				CODE_SIGN_IDENTITY = "iPhone Developer";
				"CODE_SIGN_IDENTITY[sdk=iphoneos*]" = "iPhone Developer";
				FRAMEWORK_SEARCH_PATHS = (
					"$(SDKROOT)/Developer/Library/Frameworks",
					"$(inherited)",
				);
				INFOPLIST_FILE = gelaisiTests/Info.plist;
				LD_RUNPATH_SEARCH_PATHS = "$(inherited) @executable_path/Frameworks @loader_path/Frameworks";
				PRODUCT_NAME = "$(TARGET_NAME)";
				PROVISIONING_PROFILE = "";
				TEST_HOST = "$(BUILT_PRODUCTS_DIR)/gelaisi.app/gelaisi";
			};
			name = Release;
		};
/* End XCBuildConfiguration section */

/* Begin XCConfigurationList section */
		A8BF50731B53FBC40070678E /* Build configuration list for PBXProject "gelaisi" */ = {
			isa = XCConfigurationList;
			buildConfigurations = (
				A8BF50991B53FBC50070678E /* Debug */,
				A8BF509A1B53FBC50070678E /* Release */,
			);
			defaultConfigurationIsVisible = 0;
			defaultConfigurationName = Release;
		};
		A8BF509B1B53FBC50070678E /* Build configuration list for PBXNativeTarget "gelaisi" */ = {
			isa = XCConfigurationList;
			buildConfigurations = (
				A8BF509C1B53FBC50070678E /* Debug */,
				A8BF509D1B53FBC50070678E /* Release */,
			);
			defaultConfigurationIsVisible = 0;
			defaultConfigurationName = Release;
		};
		A8BF509E1B53FBC50070678E /* Build configuration list for PBXNativeTarget "gelaisiTests" */ = {
			isa = XCConfigurationList;
			buildConfigurations = (
				A8BF509F1B53FBC50070678E /* Debug */,
				A8BF50A01B53FBC50070678E /* Release */,
			);
			defaultConfigurationIsVisible = 0;
			defaultConfigurationName = Release;
		};
/* End XCConfigurationList section */
	};
	rootObject = A8BF50701B53FBC40070678E /* Project object */;
}
